{
  "version": 2,
  "dependencies": {
    "net8.0": {
      "Microsoft.DotNet.ILCompiler": {
        "type": "Direct",
        "requested": "[8.0.25, )",
        "resolved": "8.0.25",
        "contentHash": "VkChfi7e/mf6peVZaJqgP3taLHKuYGyEc1C0T1YsKJCGMe1pGlzJCp5WMbBkHtZoct7K8ksCLPncmzBA7Mrb+w=="
      },
      "Microsoft.NET.ILLink.Tasks": {
        "type": "Direct",
        "requested": "[8.0.25, )",
        "resolved": "8.0.25",
        "contentHash": "sqX4nmBft05ivqKvUT4nxaN8rT3apCLt9SWFkfRrQPwra1zPwFknQAw1lleuMCKOCLvVmOWwrC2iPSm9RiXZUg=="
      },
      "System.CommandLine": {
        "type": "Direct",
        "requested": "[2.0.0-beta4.22272.1, )",
        "resolved": "2.0.0-beta4.22272.1",
        "contentHash": "1uqED/q2H0kKoLJ4+hI2iPSBSEdTuhfCYADeJrAqERmiGQ2NNacYKRNEQ+gFbU4glgVyK8rxI+ZOe1onEtr/Pg=="
      }
    },
    "net8.0/linux-x64": {
      "Microsoft.DotNet.ILCompiler": {
        "type": "Direct",
        "requested": "[8.0.25, )",
        "resolved": "8.0.25",
        "contentHash": "VkChfi7e/mf6peVZaJqgP3taLHKuYGyEc1C0T1YsKJCGMe1pGlzJCp5WMbBkHtZoct7K8ksCLPncmzBA7Mrb+w==",
        "dependencies": {
          "runtime.linux-x64.Microsoft.DotNet.ILCompiler": "8.0.25"
        }
      },
      "runtime.linux-x64.Microsoft.DotNet.ILCompiler": {
        "type": "Transitive",
        "resolved": "8.0.25",
        "contentHash": "QjZ3EEvEkNoQkr8ByKabhYz8pp80zVRx9otEZeg2reVdX57btV1Qn5yUAjCfYsK/RNxWA5zn3rqlG3OiS17Yiw=="
      }
    }
  }
}