{
  "version": 2,
  "dependencies": {
    "net8.0": {
      "Microsoft.DotNet.ILCompiler": {
        "type": "Direct",
        "requested": "[8.0.27, )",
        "resolved": "8.0.27",
        "contentHash": "2RDzeGQisWc0e4uJpT8WmMQ8Xccf4bZr4bVVV9iGnfnEZCPo//G01MLLCmGHScwLX4zCegNZRNftgUfgWlBb+g=="
      },
      "Microsoft.NET.ILLink.Tasks": {
        "type": "Direct",
        "requested": "[8.0.27, )",
        "resolved": "8.0.27",
        "contentHash": "rQi9TxifHRnXP7lVRZH05DxD2/XGbJp12q0ozcbrlBlBnyyzssFTH/2vLhtKWUp2CT1qVscTrcYTFiwTyKPKRg=="
      },
      "System.CommandLine": {
        "type": "Direct",
        "requested": "[2.0.0-beta4.22272.1, )",
        "resolved": "2.0.0-beta4.22272.1",
        "contentHash": "1uqED/q2H0kKoLJ4+hI2iPSBSEdTuhfCYADeJrAqERmiGQ2NNacYKRNEQ+gFbU4glgVyK8rxI+ZOe1onEtr/Pg=="
      }
    },
    "net8.0/linux-x64": {
      "Microsoft.DotNet.ILCompiler": {
        "type": "Direct",
        "requested": "[8.0.27, )",
        "resolved": "8.0.27",
        "contentHash": "2RDzeGQisWc0e4uJpT8WmMQ8Xccf4bZr4bVVV9iGnfnEZCPo//G01MLLCmGHScwLX4zCegNZRNftgUfgWlBb+g==",
        "dependencies": {
          "runtime.linux-x64.Microsoft.DotNet.ILCompiler": "8.0.27"
        }
      },
      "runtime.linux-x64.Microsoft.DotNet.ILCompiler": {
        "type": "Transitive",
        "resolved": "8.0.27",
        "contentHash": "5nLz2ln5V/pKJXgjKYJVTpHiwN9Je+g8tk18FpwW8Sr6UuqJk5jylmgIZLG5R+rNihTOKvbdn4qYJ7BwOZBPvg=="
      }
    }
  }
}